
Microsoft Visual Studio Solution File, Format Version 12.00
Project("{FAE04EC0-301F-11D3-BF4B-00C04F79EFBC}") = "DNP3", "DNP3\DNP3.csproj", "{1BA588D9-D900-471C-A81C-B914782FEA2C}"
EndProject
Project("{FAE04EC0-301F-11D3-BF4B-00C04F79EFBC}") = "DNP3Client", "DNP3Client\DNP3Client.csproj", "{398E124B-6D15-406A-8857-BB4E875AF569}"
EndProject
Global
	GlobalSection(SolutionConfigurationPlatforms) = preSolution
		Debug|Any CPU = Debug|Any CPU
		Release|Any CPU = Release|Any CPU
	EndGlobalSection
	GlobalSection(ProjectConfigurationPlatforms) = postSolution
		{1BA588D9-D900-471C-A81C-B914782FEA2C}.Debug|Any CPU.ActiveCfg = Debug|Any CPU
		{1BA588D9-D900-471C-A81C-B914782FEA2C}.Debug|Any CPU.Build.0 = Debug|Any CPU
		{1BA588D9-D900-471C-A81C-B914782FEA2C}.Release|Any CPU.ActiveCfg = Release|Any CPU
		{1BA588D9-D900-471C-A81C-B914782FEA2C}.Release|Any CPU.Build.0 = Release|Any CPU
		{398E124B-6D15-406A-8857-BB4E875AF569}.Debug|Any CPU.ActiveCfg = Debug|Any CPU
		{398E124B-6D15-406A-8857-BB4E875AF569}.Debug|Any CPU.Build.0 = Debug|Any CPU
		{398E124B-6D15-406A-8857-BB4E875AF569}.Release|Any CPU.ActiveCfg = Release|Any CPU
		{398E124B-6D15-406A-8857-BB4E875AF569}.Release|Any CPU.Build.0 = Release|Any CPU
	EndGlobalSection
EndGlobal
